
Microsoft Visual Studio Solution File, Format Version 12.00
# Visual Studio 2013
VisualStudioVersion = 12.0.21005.1
MinimumVisualStudioVersion = 10.0.40219.1
Project("{FAE04EC0-301F-11D3-BF4B-00C04F79EFBC}") = "BitBookApp", "BitBookApp\BitBookApp.csproj", "{38FC4325-01F7-4457-B1A7-285D64E7406C}"
EndProject
Project("{FAE04EC0-301F-11D3-BF4B-00C04F79EFBC}") = "BitBook.Test", "BitBook.Test\BitBook.Test.csproj", "{8E67473E-F1DF-48BD-82CA-7E9781E1F41A}"
EndProject
Global
	GlobalSection(SolutionConfigurationPlatforms) = preSolution
		Debug|Any CPU = Debug|Any CPU
		Debug|x64 = Debug|x64
		Release|Any CPU = Release|Any CPU
		Release|x64 = Release|x64
	EndGlobalSection
	GlobalSection(ProjectConfigurationPlatforms) = postSolution
		{38FC4325-01F7-4457-B1A7-285D64E7406C}.Debug|Any CPU.ActiveCfg = Debug|Any CPU
		{38FC4325-01F7-4457-B1A7-285D64E7406C}.Debug|Any CPU.Build.0 = Debug|Any CPU
		{38FC4325-01F7-4457-B1A7-285D64E7406C}.Debug|x64.ActiveCfg = Debug|Any CPU
		{38FC4325-01F7-4457-B1A7-285D64E7406C}.Debug|x64.Build.0 = Debug|Any CPU
		{38FC4325-01F7-4457-B1A7-285D64E7406C}.Release|Any CPU.ActiveCfg = Release|Any CPU
		{38FC4325-01F7-4457-B1A7-285D64E7406C}.Release|Any CPU.Build.0 = Release|Any CPU
		{38FC4325-01F7-4457-B1A7-285D64E7406C}.Release|x64.ActiveCfg = Release|x64
		{38FC4325-01F7-4457-B1A7-285D64E7406C}.Release|x64.Build.0 = Release|x64
		{8E67473E-F1DF-48BD-82CA-7E9781E1F41A}.Debug|Any CPU.ActiveCfg = Debug|Any CPU
		{8E67473E-F1DF-48BD-82CA-7E9781E1F41A}.Debug|Any CPU.Build.0 = Debug|Any CPU
		{8E67473E-F1DF-48BD-82CA-7E9781E1F41A}.Debug|x64.ActiveCfg = Debug|Any CPU
		{8E67473E-F1DF-48BD-82CA-7E9781E1F41A}.Release|Any CPU.ActiveCfg = Release|Any CPU
		{8E67473E-F1DF-48BD-82CA-7E9781E1F41A}.Release|Any CPU.Build.0 = Release|Any CPU
		{8E67473E-F1DF-48BD-82CA-7E9781E1F41A}.Release|x64.ActiveCfg = Release|Any CPU
	EndGlobalSection
	GlobalSection(SolutionProperties) = preSolution
		HideSolutionNode = FALSE
	EndGlobalSection
EndGlobal
